// !$*UTF8*$!
{
	archiveVersion = 1;
	classes = {
	};
	objectVersion = 50;
	objects = {

/* Begin PBXFileReference section */
		484A03B72248AA30005B957B /* Two Sum.c */ = {isa = PBXFileReference; lastKnownFileType = sourcecode.c.c; path = "Two Sum.c"; sourceTree = "<group>"; };
		484A03B92248AC1A005B957B /* Add Two Numbers.c */ = {isa = PBXFileReference; lastKnownFileType = sourcecode.c.c; path = "Add Two Numbers.c"; sourceTree = "<group>"; };
		484A03BB2248AC62005B957B /* Longest Substring Without Repeating Characters.c */ = {isa = PBXFileReference; lastKnownFileType = sourcecode.c.c; path = "Longest Substring Without Repeating Characters.c"; sourceTree = "<group>"; };
		484A03BD2248AD26005B957B /* ZigZag Conversion.c */ = {isa = PBXFileReference; lastKnownFileType = sourcecode.c.c; path = "ZigZag Conversion.c"; sourceTree = "<group>"; };
		484A03BF2248AD7C005B957B /* Reverse Integer.c */ = {isa = PBXFileReference; lastKnownFileType = sourcecode.c.c; path = "Reverse Integer.c"; sourceTree = "<group>"; };
/* End PBXFileReference section */

/* Begin PBXGroup section */
		484A03AF2248A673005B957B = {
			isa = PBXGroup;
			children = (
				484A03BF2248AD7C005B957B /* Reverse Integer.c */,
				484A03BD2248AD26005B957B /* ZigZag Conversion.c */,
				484A03BB2248AC62005B957B /* Longest Substring Without Repeating Characters.c */,
				484A03B92248AC1A005B957B /* Add Two Numbers.c */,
				484A03B72248AA30005B957B /* Two Sum.c */,
			);
			sourceTree = "<group>";
		};
/* End PBXGroup section */

/* Begin PBXProject section */
		484A03B02248A673005B957B /* Project object */ = {
			isa = PBXProject;
			attributes = {
				LastUpgradeCheck = 1010;
			};
			buildConfigurationList = 484A03B32248A673005B957B /* Build configuration list for PBXProject "leetcode" */;
			compatibilityVersion = "Xcode 9.3";
			developmentRegion = en;
			hasScannedForEncodings = 0;
			knownRegions = (
				en,
			);
			mainGroup = 484A03AF2248A673005B957B;
			projectDirPath = "";
			projectRoot = "";
			targets = (
			);
		};
/* End PBXProject section */

/* Begin XCBuildConfiguration section */
		484A03B42248A673005B957B /* Debug */ = {
			isa = XCBuildConfiguration;
			buildSettings = {
			};
			name = Debug;
		};
		484A03B52248A673005B957B /* Release */ = {
			isa = XCBuildConfiguration;
			buildSettings = {
			};
			name = Release;
		};
/* End XCBuildConfiguration section */

/* Begin XCConfigurationList section */
		484A03B32248A673005B957B /* Build configuration list for PBXProject "leetcode" */ = {
			isa = XCConfigurationList;
			buildConfigurations = (
				484A03B42248A673005B957B /* Debug */,
				484A03B52248A673005B957B /* Release */,
			);
			defaultConfigurationIsVisible = 0;
			defaultConfigurationName = Release;
		};
/* End XCConfigurationList section */
	};
	rootObject = 484A03B02248A673005B957B /* Project object */;
}
